
Microsoft Visual Studio Solution File, Format Version 12.00
# Visual Studio Version 16
VisualStudioVersion = 16.0.29418.71
MinimumVisualStudioVersion = 10.0.40219.1
Project("{FAE04EC0-301F-11D3-BF4B-00C04F79EFBC}") = "BE", "BE\BE.csproj", "{55BCE397-E41B-4D60-A9FB-17CDDD612EC9}"
EndProject
Project("{FAE04EC0-301F-11D3-BF4B-00C04F79EFBC}") = "BL", "BL\BL.csproj", "{F2741D7A-4591-4904-87B7-E4B1E899E60F}"
EndProject
Project("{FAE04EC0-301F-11D3-BF4B-00C04F79EFBC}") = "DAL", "DAL\DAL.csproj", "{6627C3BB-8A5C-4494-98B4-C944F788DFCA}"
EndProject
Project("{FAE04EC0-301F-11D3-BF4B-00C04F79EFBC}") = "DS", "DS\DS.csproj", "{0F1BFBA1-15A3-41BA-B241-E006383B8989}"
EndProject
Project("{FAE04EC0-301F-11D3-BF4B-00C04F79EFBC}") = "PLWPF", "PLWPF\PLWPF.csproj", "{49125530-A740-4467-B6F5-B7BC14752606}"
EndProject
Global
	GlobalSection(SolutionConfigurationPlatforms) = preSolution
		Debug|Any CPU = Debug|Any CPU
		Release|Any CPU = Release|Any CPU
	EndGlobalSection
	GlobalSection(ProjectConfigurationPlatforms) = postSolution
		{55BCE397-E41B-4D60-A9FB-17CDDD612EC9}.Debug|Any CPU.ActiveCfg = Release|Any CPU
		{55BCE397-E41B-4D60-A9FB-17CDDD612EC9}.Debug|Any CPU.Build.0 = Release|Any CPU
		{55BCE397-E41B-4D60-A9FB-17CDDD612EC9}.Release|Any CPU.ActiveCfg = Release|Any CPU
		{55BCE397-E41B-4D60-A9FB-17CDDD612EC9}.Release|Any CPU.Build.0 = Release|Any CPU
		{F2741D7A-4591-4904-87B7-E4B1E899E60F}.Debug|Any CPU.ActiveCfg = Release|Any CPU
		{F2741D7A-4591-4904-87B7-E4B1E899E60F}.Debug|Any CPU.Build.0 = Release|Any CPU
		{F2741D7A-4591-4904-87B7-E4B1E899E60F}.Release|Any CPU.ActiveCfg = Release|Any CPU
		{F2741D7A-4591-4904-87B7-E4B1E899E60F}.Release|Any CPU.Build.0 = Release|Any CPU
		{6627C3BB-8A5C-4494-98B4-C944F788DFCA}.Debug|Any CPU.ActiveCfg = Release|Any CPU
		{6627C3BB-8A5C-4494-98B4-C944F788DFCA}.Debug|Any CPU.Build.0 = Release|Any CPU
		{6627C3BB-8A5C-4494-98B4-C944F788DFCA}.Release|Any CPU.ActiveCfg = Release|Any CPU
		{6627C3BB-8A5C-4494-98B4-C944F788DFCA}.Release|Any CPU.Build.0 = Release|Any CPU
		{0F1BFBA1-15A3-41BA-B241-E006383B8989}.Debug|Any CPU.ActiveCfg = Release|Any CPU
		{0F1BFBA1-15A3-41BA-B241-E006383B8989}.Debug|Any CPU.Build.0 = Release|Any CPU
		{0F1BFBA1-15A3-41BA-B241-E006383B8989}.Release|Any CPU.ActiveCfg = Release|Any CPU
		{0F1BFBA1-15A3-41BA-B241-E006383B8989}.Release|Any CPU.Build.0 = Release|Any CPU
		{49125530-A740-4467-B6F5-B7BC14752606}.Debug|Any CPU.ActiveCfg = Release|Any CPU
		{49125530-A740-4467-B6F5-B7BC14752606}.Debug|Any CPU.Build.0 = Release|Any CPU
		{49125530-A740-4467-B6F5-B7BC14752606}.Release|Any CPU.ActiveCfg = Release|Any CPU
		{49125530-A740-4467-B6F5-B7BC14752606}.Release|Any CPU.Build.0 = Release|Any CPU
	EndGlobalSection
	GlobalSection(SolutionProperties) = preSolution
		HideSolutionNode = FALSE
	EndGlobalSection
	GlobalSection(ExtensibilityGlobals) = postSolution
		SolutionGuid = {B5EEB1FF-2164-4393-8507-86010E4BB2D7}
	EndGlobalSection
EndGlobal
